
Microsoft Visual Studio Solution File, Format Version 12.00
# Visual Studio Version 16
VisualStudioVersion = 16.0.29123.89
MinimumVisualStudioVersion = 10.0.40219.1
Project("{FAE04EC0-301F-11D3-BF4B-00C04F79EFBC}") = "MVVM.Android", "MVVM.Android\MVVM.Android.csproj", "{1D755995-1713-4419-A087-DDCA1720EF6D}"
EndProject
Project("{FAE04EC0-301F-11D3-BF4B-00C04F79EFBC}") = "MVVM", "MVVM\MVVM.csproj", "{AD5F95EF-0E3F-4B5A-8E18-463F3D2CC210}"
EndProject
Global
	GlobalSection(SolutionConfigurationPlatforms) = preSolution
		Debug|Any CPU = Debug|Any CPU
		Release|Any CPU = Release|Any CPU
	EndGlobalSection
	GlobalSection(ProjectConfigurationPlatforms) = postSolution
		{1D755995-1713-4419-A087-DDCA1720EF6D}.Debug|Any CPU.ActiveCfg = Debug|Any CPU
		{1D755995-1713-4419-A087-DDCA1720EF6D}.Debug|Any CPU.Build.0 = Debug|Any CPU
		{1D755995-1713-4419-A087-DDCA1720EF6D}.Debug|Any CPU.Deploy.0 = Debug|Any CPU
		{1D755995-1713-4419-A087-DDCA1720EF6D}.Release|Any CPU.ActiveCfg = Release|Any CPU
		{1D755995-1713-4419-A087-DDCA1720EF6D}.Release|Any CPU.Build.0 = Release|Any CPU
		{1D755995-1713-4419-A087-DDCA1720EF6D}.Release|Any CPU.Deploy.0 = Release|Any CPU
		{AD5F95EF-0E3F-4B5A-8E18-463F3D2CC210}.Debug|Any CPU.ActiveCfg = Debug|Any CPU
		{AD5F95EF-0E3F-4B5A-8E18-463F3D2CC210}.Debug|Any CPU.Build.0 = Debug|Any CPU
		{AD5F95EF-0E3F-4B5A-8E18-463F3D2CC210}.Debug|Any CPU.Deploy.0 = Debug|Any CPU
		{AD5F95EF-0E3F-4B5A-8E18-463F3D2CC210}.Release|Any CPU.ActiveCfg = Release|Any CPU
		{AD5F95EF-0E3F-4B5A-8E18-463F3D2CC210}.Release|Any CPU.Build.0 = Release|Any CPU
		{AD5F95EF-0E3F-4B5A-8E18-463F3D2CC210}.Release|Any CPU.Deploy.0 = Release|Any CPU
	EndGlobalSection
	GlobalSection(SolutionProperties) = preSolution
		HideSolutionNode = FALSE
	EndGlobalSection
	GlobalSection(ExtensibilityGlobals) = postSolution
		SolutionGuid = {9907267E-27CA-4026-9C5F-424FCC7F83E3}
	EndGlobalSection
EndGlobal
